<?xml version="1.0" encoding="utf-8"?>
<Project ToolsVersion="4.0" xmlns="http://schemas.microsoft.com/developer/msbuild/2003">
  <ItemGroup>
    <Filter Include="GLRenderSystem">
      <UniqueIdentifier>{f5ce54b1-9efd-4d37-a088-62101ef1253f}</UniqueIdentifier>
    </Filter>
    <Filter Include="ThirdParty">
      <UniqueIdentifier>{4bd0409f-eb52-469d-a5a2-6f507a2ffcf0}</UniqueIdentifier>
    </Filter>
    <Filter Include="ThirdParty\glad">
      <UniqueIdentifier>{8210b316-7df3-4ad8-bfc1-2301b5bf59da}</UniqueIdentifier>
    </Filter>
    <Filter Include="ThirdParty\glfw">
      <UniqueIdentifier>{399e57e1-17a6-4d24-b3eb-03ebaa970876}</UniqueIdentifier>
    </Filter>
    <Filter Include="DXRenderSystem">
      <UniqueIdentifier>{2150334e-cba7-4494-86f8-048d8eb94b32}</UniqueIdentifier>
    </Filter>
  </ItemGroup>
  <ItemGroup>
    <ClInclude Include="GLRenderSystem\GLGuiSystem.h">
      <Filter>GLRenderSystem</Filter>
    </ClInclude>
    <ClInclude Include="GLRenderSystem\GLRenderSystem.h">
      <Filter>GLRenderSystem</Filter>
    </ClInclude>
    <ClInclude Include="GLRenderSystem\GLWindow.h">
      <Filter>GLRenderSystem</Filter>
    </ClInclude>
    <ClInclude Include="..\ThirdParty\glad\glad.h">
      <Filter>ThirdParty\glad</Filter>
    </ClInclude>
    <ClInclude Include="..\ThirdParty\glad\khrplatform.h">
      <Filter>ThirdParty\glad</Filter>
    </ClInclude>
    <ClInclude Include="..\ThirdParty\glfw\glfw3.h">
      <Filter>ThirdParty\glfw</Filter>
    </ClInclude>
    <ClInclude Include="..\ThirdParty\glfw\glfw3native.h">
      <Filter>ThirdParty\glfw</Filter>
    </ClInclude>
    <ClInclude Include="Export.h" />
    <ClInclude Include="IGuiSystem.h" />
    <ClInclude Include="IRenderSystem.h" />
    <ClInclude Include="IWindow.h" />
    <ClInclude Include="DXRenderSystem\DXGuiSystem.h">
      <Filter>DXRenderSystem</Filter>
    </ClInclude>
    <ClInclude Include="DXRenderSystem\DXRenderSystem.h">
      <Filter>DXRenderSystem</Filter>
    </ClInclude>
    <ClInclude Include="DXRenderSystem\DXWindow.h">
      <Filter>DXRenderSystem</Filter>
    </ClInclude>
  </ItemGroup>
  <ItemGroup>
    <ClCompile Include="GLRenderSystem\GLGuiSystem.cpp">
      <Filter>GLRenderSystem</Filter>
    </ClCompile>
    <ClCompile Include="GLRenderSystem\GLRenderSystem.cpp">
      <Filter>GLRenderSystem</Filter>
    </ClCompile>
    <ClCompile Include="GLRenderSystem\GLWindow.cpp">
      <Filter>GLRenderSystem</Filter>
    </ClCompile>
    <ClCompile Include="..\ThirdParty\glad\glad.cpp">
      <Filter>ThirdParty\glad</Filter>
    </ClCompile>
    <ClCompile Include="Export.cpp" />
    <ClCompile Include="DXRenderSystem\DXGuiSystem.cpp">
      <Filter>DXRenderSystem</Filter>
    </ClCompile>
    <ClCompile Include="DXRenderSystem\DXRenderSystem.cpp">
      <Filter>DXRenderSystem</Filter>
    </ClCompile>
    <ClCompile Include="DXRenderSystem\DXWindow.cpp">
      <Filter>DXRenderSystem</Filter>
    </ClCompile>
  </ItemGroup>
  <ItemGroup>
    <Library Include="..\ThirdParty\glfw\glfw3.lib">
      <Filter>ThirdParty\glfw</Filter>
    </Library>
  </ItemGroup>
</Project>