<?xml version="1.0" encoding="utf-8"?>
<Project ToolsVersion="4.0" xmlns="http://schemas.microsoft.com/developer/msbuild/2003">
  <ItemGroup>
    <Filter Include="Operators">
      <UniqueIdentifier>{4e440a0b-2693-4b40-b4a4-bf4716cb3689}</UniqueIdentifier>
    </Filter>
    <Filter Include="Operators\Edit">
      <UniqueIdentifier>{6ec0e088-6ae7-48d7-8046-62562dce75fc}</UniqueIdentifier>
    </Filter>
    <Filter Include="Operators\Delete">
      <UniqueIdentifier>{cd636e1d-7fe1-4a81-9d18-a5edae3917eb}</UniqueIdentifier>
    </Filter>
    <Filter Include="Operators\View">
      <UniqueIdentifier>{c656bfcf-397e-47a2-b3f9-03b062f611c6}</UniqueIdentifier>
    </Filter>
    <Filter Include="Operators\Create">
      <UniqueIdentifier>{b088237d-3270-4686-a804-c5c24541cc09}</UniqueIdentifier>
    </Filter>
    <Filter Include="Application">
      <UniqueIdentifier>{1affacba-3b41-4faa-bd23-1f2b0939cc56}</UniqueIdentifier>
    </Filter>
  </ItemGroup>
  <ItemGroup>
    <ClCompile Include="Operators\OperatorDispatcher.cpp">
      <Filter>Operators</Filter>
    </ClCompile>
    <ClCompile Include="Operators\Edit\EditFaceOperator.cpp">
      <Filter>Operators\Edit</Filter>
    </ClCompile>
    <ClCompile Include="Operators\Edit\EditNodeOperator.cpp">
      <Filter>Operators\Edit</Filter>
    </ClCompile>
    <ClCompile Include="Operators\Edit\EditVertexOperator.cpp">
      <Filter>Operators\Edit</Filter>
    </ClCompile>
    <ClCompile Include="Operators\Delete\DeleteFaceOperator.cpp">
      <Filter>Operators\Delete</Filter>
    </ClCompile>
    <ClCompile Include="Operators\View\Arcball.cpp">
      <Filter>Operators\View</Filter>
    </ClCompile>
    <ClCompile Include="Operators\View\Pan.cpp">
      <Filter>Operators\View</Filter>
    </ClCompile>
    <ClCompile Include="Main.cpp" />
    <ClCompile Include="Application\Application.cpp">
      <Filter>Application</Filter>
    </ClCompile>
    <ClCompile Include="Application\View.cpp">
      <Filter>Application</Filter>
    </ClCompile>
  </ItemGroup>
  <ItemGroup>
    <ClInclude Include="Operators\Operator.h">
      <Filter>Operators</Filter>
    </ClInclude>
    <ClInclude Include="Operators\OperatorDispatcher.h">
      <Filter>Operators</Filter>
    </ClInclude>
    <ClInclude Include="Operators\Edit\EditFaceOperator.h">
      <Filter>Operators\Edit</Filter>
    </ClInclude>
    <ClInclude Include="Operators\Edit\EditNodeOperator.h">
      <Filter>Operators\Edit</Filter>
    </ClInclude>
    <ClInclude Include="Operators\Edit\EditVertexOperator.h">
      <Filter>Operators\Edit</Filter>
    </ClInclude>
    <ClInclude Include="Operators\Delete\DeleteFaceOperator.h">
      <Filter>Operators\Delete</Filter>
    </ClInclude>
    <ClInclude Include="Operators\View\Arcball.h">
      <Filter>Operators\View</Filter>
    </ClInclude>
    <ClInclude Include="Operators\View\Pan.h">
      <Filter>Operators\View</Filter>
    </ClInclude>
    <ClInclude Include="Application\Application.h">
      <Filter>Application</Filter>
    </ClInclude>
    <ClInclude Include="Application\Settings.h">
      <Filter>Application</Filter>
    </ClInclude>
    <ClInclude Include="Application\View.h">
      <Filter>Application</Filter>
    </ClInclude>
    <ClInclude Include="Operators\Contact.h">
      <Filter>Operators</Filter>
    </ClInclude>
  </ItemGroup>
</Project>